// !$*UTF8*$!
{
	archiveVersion = 1;
	classes = {
	};
	objectVersion = 48;
	objects = {

/* Begin PBXBuildFile section */
		61D172852004FBFA006CEBBF /* AppDelegate.swift in Sources */ = {isa = PBXBuildFile; fileRef = 61D172842004FBFA006CEBBF /* AppDelegate.swift */; };
		61D1728A2004FBFA006CEBBF /* Main.storyboard in Resources */ = {isa = PBXBuildFile; fileRef = 61D172882004FBFA006CEBBF /* Main.storyboard */; };
		61D1728C2004FBFA006CEBBF /* Assets.xcassets in Resources */ = {isa = PBXBuildFile; fileRef = 61D1728B2004FBFA006CEBBF /* Assets.xcassets */; };
		61D1728F2004FBFA006CEBBF /* LaunchScreen.storyboard in Resources */ = {isa = PBXBuildFile; fileRef = 61D1728D2004FBFA006CEBBF /* LaunchScreen.storyboard */; };
		61D17298200510B0006CEBBF /* WebKit.framework in Frameworks */ = {isa = PBXBuildFile; fileRef = 61D17297200510B0006CEBBF /* WebKit.framework */; };
		61D1729A2005115E006CEBBF /* ServerConfigViewController.swift in Sources */ = {isa = PBXBuildFile; fileRef = 61D172992005115E006CEBBF /* ServerConfigViewController.swift */; };
		61D1729C200511B1006CEBBF /* WebViewController.swift in Sources */ = {isa = PBXBuildFile; fileRef = 61D1729B200511B1006CEBBF /* WebViewController.swift */; };
/* End PBXBuildFile section */

/* Begin PBXFileReference section */
		61D172812004FBFA006CEBBF /* WebApp.app */ = {isa = PBXFileReference; explicitFileType = wrapper.application; includeInIndex = 0; path = WebApp.app; sourceTree = BUILT_PRODUCTS_DIR; };
		61D172842004FBFA006CEBBF /* AppDelegate.swift */ = {isa = PBXFileReference; lastKnownFileType = sourcecode.swift; path = AppDelegate.swift; sourceTree = "<group>"; };
		61D172892004FBFA006CEBBF /* Base */ = {isa = PBXFileReference; lastKnownFileType = file.storyboard; name = Base; path = Base.lproj/Main.storyboard; sourceTree = "<group>"; };
		61D1728B2004FBFA006CEBBF /* Assets.xcassets */ = {isa = PBXFileReference; lastKnownFileType = folder.assetcatalog; path = Assets.xcassets; sourceTree = "<group>"; };
		61D1728E2004FBFA006CEBBF /* Base */ = {isa = PBXFileReference; lastKnownFileType = file.storyboard; name = Base; path = Base.lproj/LaunchScreen.storyboard; sourceTree = "<group>"; };
		61D172902004FBFA006CEBBF /* Info.plist */ = {isa = PBXFileReference; lastKnownFileType = text.plist.xml; path = Info.plist; sourceTree = "<group>"; };
		61D17297200510B0006CEBBF /* WebKit.framework */ = {isa = PBXFileReference; lastKnownFileType = wrapper.framework; name = WebKit.framework; path = System/Library/Frameworks/WebKit.framework; sourceTree = SDKROOT; };
		61D172992005115E006CEBBF /* ServerConfigViewController.swift */ = {isa = PBXFileReference; lastKnownFileType = sourcecode.swift; path = ServerConfigViewController.swift; sourceTree = "<group>"; };
		61D1729B200511B1006CEBBF /* WebViewController.swift */ = {isa = PBXFileReference; lastKnownFileType = sourcecode.swift; path = WebViewController.swift; sourceTree = "<group>"; };
/* End PBXFileReference section */

/* Begin PBXFrameworksBuildPhase section */
		61D1727E2004FBFA006CEBBF /* Frameworks */ = {
			isa = PBXFrameworksBuildPhase;
			buildActionMask = 2147483647;
			files = (
				61D17298200510B0006CEBBF /* WebKit.framework in Frameworks */,
			);
			runOnlyForDeploymentPostprocessing = 0;
		};
/* End PBXFrameworksBuildPhase section */

/* Begin PBXGroup section */
		61D172782004FBFA006CEBBF = {
			isa = PBXGroup;
			children = (
				61D172832004FBFA006CEBBF /* WebApp */,
				61D172822004FBFA006CEBBF /* Products */,
				61D17296200510B0006CEBBF /* Frameworks */,
			);
			sourceTree = "<group>";
		};
		61D172822004FBFA006CEBBF /* Products */ = {
			isa = PBXGroup;
			children = (
				61D172812004FBFA006CEBBF /* WebApp.app */,
			);
			name = Products;
			sourceTree = "<group>";
		};
		61D172832004FBFA006CEBBF /* WebApp */ = {
			isa = PBXGroup;
			children = (
				61D172842004FBFA006CEBBF /* AppDelegate.swift */,
				61D172882004FBFA006CEBBF /* Main.storyboard */,
				61D1728B2004FBFA006CEBBF /* Assets.xcassets */,
				61D1728D2004FBFA006CEBBF /* LaunchScreen.storyboard */,
				61D172902004FBFA006CEBBF /* Info.plist */,
				61D172992005115E006CEBBF /* ServerConfigViewController.swift */,
				61D1729B200511B1006CEBBF /* WebViewController.swift */,
			);
			path = WebApp;
			sourceTree = "<group>";
		};
		61D17296200510B0006CEBBF /* Frameworks */ = {
			isa = PBXGroup;
			children = (
				61D17297200510B0006CEBBF /* WebKit.framework */,
			);
			name = Frameworks;
			sourceTree = "<group>";
		};
/* End PBXGroup section */

/* Begin PBXNativeTarget section */
		61D172802004FBFA006CEBBF /* WebApp */ = {
			isa = PBXNativeTarget;
			buildConfigurationList = 61D172932004FBFA006CEBBF /* Build configuration list for PBXNativeTarget "WebApp" */;
			buildPhases = (
				61D1727D2004FBFA006CEBBF /* Sources */,
				61D1727E2004FBFA006CEBBF /* Frameworks */,
				61D1727F2004FBFA006CEBBF /* Resources */,
			);
			buildRules = (
			);
			dependencies = (
			);
			name = WebApp;
			productName = WebApp;
			productReference = 61D172812004FBFA006CEBBF /* WebApp.app */;
			productType = "com.apple.product-type.application";
		};
/* End PBXNativeTarget section */

/* Begin PBXProject section */
		61D172792004FBFA006CEBBF /* Project object */ = {
			isa = PBXProject;
			attributes = {
				LastSwiftUpdateCheck = 0920;
				LastUpgradeCheck = 0920;
				ORGANIZATIONNAME = "Rodrigo Mato";
				TargetAttributes = {
					61D172802004FBFA006CEBBF = {
						CreatedOnToolsVersion = 9.2;
						ProvisioningStyle = Automatic;
					};
				};
			};
			buildConfigurationList = 61D1727C2004FBFA006CEBBF /* Build configuration list for PBXProject "WebApp" */;
			compatibilityVersion = "Xcode 8.0";
			developmentRegion = en;
			hasScannedForEncodings = 0;
			knownRegions = (
				en,
				Base,
			);
			mainGroup = 61D172782004FBFA006CEBBF;
			productRefGroup = 61D172822004FBFA006CEBBF /* Products */;
			projectDirPath = "";
			projectRoot = "";
			targets = (
				61D172802004FBFA006CEBBF /* WebApp */,
			);
		};
/* End PBXProject section */

/* Begin PBXResourcesBuildPhase section */
		61D1727F2004FBFA006CEBBF /* Resources */ = {
			isa = PBXResourcesBuildPhase;
			buildActionMask = 2147483647;
			files = (
				61D1728F2004FBFA006CEBBF /* LaunchScreen.storyboard in Resources */,
				61D1728C2004FBFA006CEBBF /* Assets.xcassets in Resources */,
				61D1728A2004FBFA006CEBBF /* Main.storyboard in Resources */,
			);
			runOnlyForDeploymentPostprocessing = 0;
		};
/* End PBXResourcesBuildPhase section */

/* Begin PBXSourcesBuildPhase section */
		61D1727D2004FBFA006CEBBF /* Sources */ = {
			isa = PBXSourcesBuildPhase;
			buildActionMask = 2147483647;
			files = (
				61D1729A2005115E006CEBBF /* ServerConfigViewController.swift in Sources */,
				61D1729C200511B1006CEBBF /* WebViewController.swift in Sources */,
				61D172852004FBFA006CEBBF /* AppDelegate.swift in Sources */,
			);
			runOnlyForDeploymentPostprocessing = 0;
		};
/* End PBXSourcesBuildPhase section */

/* Begin PBXVariantGroup section */
		61D172882004FBFA006CEBBF /* Main.storyboard */ = {
			isa = PBXVariantGroup;
			children = (
				61D172892004FBFA006CEBBF /* Base */,
			);
			name = Main.storyboard;
			sourceTree = "<group>";
		};
		61D1728D2004FBFA006CEBBF /* LaunchScreen.storyboard */ = {
			isa = PBXVariantGroup;
			children = (
				61D1728E2004FBFA006CEBBF /* Base */,
			);
			name = LaunchScreen.storyboard;
			sourceTree = "<group>";
		};
/* End PBXVariantGroup section */

/* Begin XCBuildConfiguration section */
		61D172912004FBFA006CEBBF /* Debug */ = {
			isa = XCBuildConfiguration;
			buildSettings = {
				ALWAYS_SEARCH_USER_PATHS = NO;
				CLANG_ANALYZER_NONNULL = YES;
				CLANG_ANALYZER_NUMBER_OBJECT_CONVERSION = YES_AGGRESSIVE;
				CLANG_CXX_LANGUAGE_STANDARD = "gnu++14";
				CLANG_CXX_LIBRARY = "libc++";
				CLANG_ENABLE_MODULES = YES;
				CLANG_ENABLE_OBJC_ARC = YES;
				CLANG_WARN_BLOCK_CAPTURE_AUTORELEASING = YES;
				CLANG_WARN_BOOL_CONVERSION = YES;
				CLANG_WARN_COMMA = YES;
				CLANG_WARN_CONSTANT_CONVERSION = YES;
				CLANG_WARN_DIRECT_OBJC_ISA_USAGE = YES_ERROR;
				CLANG_WARN_DOCUMENTATION_COMMENTS = YES;
				CLANG_WARN_EMPTY_BODY = YES;
				CLANG_WARN_ENUM_CONVERSION = YES;
				CLANG_WARN_INFINITE_RECURSION = YES;
				CLANG_WARN_INT_CONVERSION = YES;
				CLANG_WARN_NON_LITERAL_NULL_CONVERSION = YES;
				CLANG_WARN_OBJC_LITERAL_CONVERSION = YES;
				CLANG_WARN_OBJC_ROOT_CLASS = YES_ERROR;
				CLANG_WARN_RANGE_LOOP_ANALYSIS = YES;
				CLANG_WARN_STRICT_PROTOTYPES = YES;
				CLANG_WARN_SUSPICIOUS_MOVE = YES;
				CLANG_WARN_UNGUARDED_AVAILABILITY = YES_AGGRESSIVE;
				CLANG_WARN_UNREACHABLE_CODE = YES;
				CLANG_WARN__DUPLICATE_METHOD_MATCH = YES;
				CODE_SIGN_IDENTITY = "iPhone Developer";
				COPY_PHASE_STRIP = NO;
				DEBUG_INFORMATION_FORMAT = dwarf;
				ENABLE_STRICT_OBJC_MSGSEND = YES;
				ENABLE_TESTABILITY = YES;
				GCC_C_LANGUAGE_STANDARD = gnu11;
				GCC_DYNAMIC_NO_PIC = NO;
				GCC_NO_COMMON_BLOCKS = YES;
				GCC_OPTIMIZATION_LEVEL = 0;
				GCC_PREPROCESSOR_DEFINITIONS = (
					"DEBUG=1",
					"$(inherited)",
				);
				GCC_WARN_64_TO_32_BIT_CONVERSION = YES;
				GCC_WARN_ABOUT_RETURN_TYPE = YES_ERROR;
				GCC_WARN_UNDECLARED_SELECTOR = YES;
				GCC_WARN_UNINITIALIZED_AUTOS = YES_AGGRESSIVE;
				GCC_WARN_UNUSED_FUNCTION = YES;
				GCC_WARN_UNUSED_VARIABLE = YES;
				IPHONEOS_DEPLOYMENT_TARGET = 11.2;
				MTL_ENABLE_DEBUG_INFO = YES;
				ONLY_ACTIVE_ARCH = YES;
				SDKROOT = iphoneos;
				SWIFT_ACTIVE_COMPILATION_CONDITIONS = DEBUG;
				SWIFT_OPTIMIZATION_LEVEL = "-Onone";
			};
			name = Debug;
		};
		61D172922004FBFA006CEBBF /* Release */ = {
			isa = XCBuildConfiguration;
			buildSettings = {
				ALWAYS_SEARCH_USER_PATHS = NO;
				CLANG_ANALYZER_NONNULL = YES;
				CLANG_ANALYZER_NUMBER_OBJECT_CONVERSION = YES_AGGRESSIVE;
				CLANG_CXX_LANGUAGE_STANDARD = "gnu++14";
				CLANG_CXX_LIBRARY = "libc++";
				CLANG_ENABLE_MODULES = YES;
				CLANG_ENABLE_OBJC_ARC = YES;
				CLANG_WARN_BLOCK_CAPTURE_AUTORELEASING = YES;
				CLANG_WARN_BOOL_CONVERSION = YES;
				CLANG_WARN_COMMA = YES;
				CLANG_WARN_CONSTANT_CONVERSION = YES;
				CLANG_WARN_DIRECT_OBJC_ISA_USAGE = YES_ERROR;
				CLANG_WARN_DOCUMENTATION_COMMENTS = YES;
				CLANG_WARN_EMPTY_BODY = YES;
				CLANG_WARN_ENUM_CONVERSION = YES;
				CLANG_WARN_INFINITE_RECURSION = YES;
				CLANG_WARN_INT_CONVERSION = YES;
				CLANG_WARN_NON_LITERAL_NULL_CONVERSION = YES;
				CLANG_WARN_OBJC_LITERAL_CONVERSION = YES;
				CLANG_WARN_OBJC_ROOT_CLASS = YES_ERROR;
				CLANG_WARN_RANGE_LOOP_ANALYSIS = YES;
				CLANG_WARN_STRICT_PROTOTYPES = YES;
				CLANG_WARN_SUSPICIOUS_MOVE = YES;
				CLANG_WARN_UNGUARDED_AVAILABILITY = YES_AGGRESSIVE;
				CLANG_WARN_UNREACHABLE_CODE = YES;
				CLANG_WARN__DUPLICATE_METHOD_MATCH = YES;
				CODE_SIGN_IDENTITY = "iPhone Developer";
				COPY_PHASE_STRIP = NO;
				DEBUG_INFORMATION_FORMAT = "dwarf-with-dsym";
				ENABLE_NS_ASSERTIONS = NO;
				ENABLE_STRICT_OBJC_MSGSEND = YES;
				GCC_C_LANGUAGE_STANDARD = gnu11;
				GCC_NO_COMMON_BLOCKS = YES;
				GCC_WARN_64_TO_32_BIT_CONVERSION = YES;
				GCC_WARN_ABOUT_RETURN_TYPE = YES_ERROR;
				GCC_WARN_UNDECLARED_SELECTOR = YES;
				GCC_WARN_UNINITIALIZED_AUTOS = YES_AGGRESSIVE;
				GCC_WARN_UNUSED_FUNCTION = YES;
				GCC_WARN_UNUSED_VARIABLE = YES;
				IPHONEOS_DEPLOYMENT_TARGET = 11.2;
				MTL_ENABLE_DEBUG_INFO = NO;
				SDKROOT = iphoneos;
				SWIFT_OPTIMIZATION_LEVEL = "-Owholemodule";
				VALIDATE_PRODUCT = YES;
			};
			name = Release;
		};
		61D172942004FBFA006CEBBF /* Debug */ = {
			isa = XCBuildConfiguration;
			buildSettings = {
				ASSETCATALOG_COMPILER_APPICON_NAME = AppIcon;
				CODE_SIGN_STYLE = Automatic;
				DEVELOPMENT_TEAM = 3CJDAUW47F;
				INFOPLIST_FILE = WebApp/Info.plist;
				LD_RUNPATH_SEARCH_PATHS = "$(inherited) @executable_path/Frameworks";
				PRODUCT_BUNDLE_IDENTIFIER = com.fafafa.WebApp;
				PRODUCT_NAME = "$(TARGET_NAME)";
				SWIFT_VERSION = 4.0;
				TARGETED_DEVICE_FAMILY = "1,2";
			};
			name = Debug;
		};
		61D172952004FBFA006CEBBF /* Release */ = {
			isa = XCBuildConfiguration;
			buildSettings = {
				ASSETCATALOG_COMPILER_APPICON_NAME = AppIcon;
				CODE_SIGN_STYLE = Automatic;
				DEVELOPMENT_TEAM = 3CJDAUW47F;
				INFOPLIST_FILE = WebApp/Info.plist;
				LD_RUNPATH_SEARCH_PATHS = "$(inherited) @executable_path/Frameworks";
				PRODUCT_BUNDLE_IDENTIFIER = com.fafafa.WebApp;
				PRODUCT_NAME = "$(TARGET_NAME)";
				SWIFT_VERSION = 4.0;
				TARGETED_DEVICE_FAMILY = "1,2";
			};
			name = Release;
		};
/* End XCBuildConfiguration section */

/* Begin XCConfigurationList section */
		61D1727C2004FBFA006CEBBF /* Build configuration list for PBXProject "WebApp" */ = {
			isa = XCConfigurationList;
			buildConfigurations = (
				61D172912004FBFA006CEBBF /* Debug */,
				61D172922004FBFA006CEBBF /* Release */,
			);
			defaultConfigurationIsVisible = 0;
			defaultConfigurationName = Release;
		};
		61D172932004FBFA006CEBBF /* Build configuration list for PBXNativeTarget "WebApp" */ = {
			isa = XCConfigurationList;
			buildConfigurations = (
				61D172942004FBFA006CEBBF /* Debug */,
				61D172952004FBFA006CEBBF /* Release */,
			);
			defaultConfigurationIsVisible = 0;
			defaultConfigurationName = Release;
		};
/* End XCConfigurationList section */
	};
	rootObject = 61D172792004FBFA006CEBBF /* Project object */;
}
